{
  "name": "marry.js",
  "version": "1.0.0",
  "lockfileVersion": 1,
  "requires": true,
  "dependencies": {
    "dson.js": {
      "version": "1.0.3",
      "resolved": "https://registry.npmjs.org/dson.js/-/dson.js-1.0.3.tgz",
      "integrity": "sha512-d9leA9hvB5C1/qhUbCQ9C4mSjdnow2miN11JEWT2n4QsBftOhx19joKk9xkYBMZ/mpP48resSIWEZV4MUa578A==",
      "dev": true,
      "requires": {
        "jvd.js": "^1.2.1",
        "lisa.json": "^1.3.1",
        "lisa.utils": "^1.3.4",
        "lustjson.js": "^2.2.0"
      },
      "dependencies": {
        "lisa.utils": {
          "version": "1.3.4",
          "resolved": "https://registry.npmjs.org/lisa.utils/-/lisa.utils-1.3.4.tgz",
          "integrity": "sha512-AvnXJSSjS9trxnq3hWAlVPOW8W5Ec4YPfpBpPRPW/pOeuqUUSyR1tGFf1bLozMRKVbecVkuFR9JIwcRJVogaBA==",
          "dev": true
        }
      }
    },
    "jvd.js": {
      "version": "1.2.1",
      "resolved": "https://registry.npmjs.org/jvd.js/-/jvd.js-1.2.1.tgz",
      "integrity": "sha512-3nnWaAvG/eDWd8Go73HFGHPUziv9Hl/d8Y7zCmqMTWTvbBHZGlmhSSTya2+7NhCh0yZ55XXufmywMlguH1Ffiw==",
      "dev": true,
      "requires": {
        "lisa.utils": "^1.2.0"
      },
      "dependencies": {
        "lisa.utils": {
          "version": "1.3.4",
          "resolved": "https://registry.npmjs.org/lisa.utils/-/lisa.utils-1.3.4.tgz",
          "integrity": "sha512-AvnXJSSjS9trxnq3hWAlVPOW8W5Ec4YPfpBpPRPW/pOeuqUUSyR1tGFf1bLozMRKVbecVkuFR9JIwcRJVogaBA==",
          "dev": true
        }
      }
    },
    "lisa.json": {
      "version": "1.3.1",
      "resolved": "https://registry.npmjs.org/lisa.json/-/lisa.json-1.3.1.tgz",
      "integrity": "sha512-/fYdvOK/wCbdYUJ7FSC8FPcSvoZEyb3MIa7frW67WqaJuqLTcS2iJP6ytAnkn3ybsBY7aOn32XBZKK5CMsPeYw==",
      "dev": true,
      "requires": {
        "lisa.utils": "^1.2.0",
        "lustjson.js": "^3.0.0"
      },
      "dependencies": {
        "lisa.utils": {
          "version": "1.3.4",
          "resolved": "https://registry.npmjs.org/lisa.utils/-/lisa.utils-1.3.4.tgz",
          "integrity": "sha512-AvnXJSSjS9trxnq3hWAlVPOW8W5Ec4YPfpBpPRPW/pOeuqUUSyR1tGFf1bLozMRKVbecVkuFR9JIwcRJVogaBA==",
          "dev": true
        },
        "lustjson.js": {
          "version": "3.0.0",
          "resolved": "https://registry.npmjs.org/lustjson.js/-/lustjson.js-3.0.0.tgz",
          "integrity": "sha512-a1bMPpUmSRZ1A85Ix1Pkv6QG1dBU1HD70ACf+uV0cXg6SC2uHjeR6MPVSAl81jdV7EaEp6m4L3g+iixwWoPhqw==",
          "dev": true
        }
      }
    },
    "lisa.utils": {
      "version": "2.0.0",
      "resolved": "https://registry.npmjs.org/lisa.utils/-/lisa.utils-2.0.0.tgz",
      "integrity": "sha512-UIxgGcfZ4KhW4+B00aet0SRCtBJ/96Dt5qY2zKXFRBi2OUOjulASskKJhBvv4Lpi9LvDNTjG2SUE3kIT5leogw=="
    },
    "lustjson.js": {
      "version": "2.2.0",
      "resolved": "https://registry.npmjs.org/lustjson.js/-/lustjson.js-2.2.0.tgz",
      "integrity": "sha512-LRTMEsP4xoHyNre/hJxdz+L8NU8kV1YGvZeW0P3g8B3kSMdlJ/7h0GIt8IxYRa5MhKfpM3vibd6oZ3NZrHOdww==",
      "dev": true
    }
  }
}
